
Microsoft Visual Studio Solution File, Format Version 12.00
# Visual Studio Version 16
VisualStudioVersion = 16.0.31019.35
MinimumVisualStudioVersion = 10.0.40219.1
Project("{2150E333-8FDC-42A3-9474-1A3956D46DE8}") = "Demo", "Demo", "{DEC9A7D8-2A8D-4378-ADDC-E74C21291EFE}"
EndProject
Project("{2150E333-8FDC-42A3-9474-1A3956D46DE8}") = "Library", "Library", "{FB02A82D-D7B1-4FB2-B35D-3EC100955691}"
EndProject
Project("{8BC9CEB8-8B4A-11D0-8D11-00A0C91BC942}") = "OpenRP1210", "OpenRP1210\OpenRP1210.vcxproj", "{9BE0D453-9CC3-4964-81E2-F17933D11EDE}"
EndProject
Project("{8BC9CEB8-8B4A-11D0-8D11-00A0C91BC942}") = "DemoApp", "DemoApp\DemoApp.vcxproj", "{82AB5932-4365-4F73-95BE-A75A4244552A}"
	ProjectSection(ProjectDependencies) = postProject
		{9BE0D453-9CC3-4964-81E2-F17933D11EDE} = {9BE0D453-9CC3-4964-81E2-F17933D11EDE}
	EndProjectSection
EndProject
Global
	GlobalSection(SolutionConfigurationPlatforms) = preSolution
		Debug|x64 = Debug|x64
		Debug|x86 = Debug|x86
		Release|x64 = Release|x64
		Release|x86 = Release|x86
	EndGlobalSection
	GlobalSection(ProjectConfigurationPlatforms) = postSolution
		{9BE0D453-9CC3-4964-81E2-F17933D11EDE}.Debug|x64.ActiveCfg = Debug|x64
		{9BE0D453-9CC3-4964-81E2-F17933D11EDE}.Debug|x64.Build.0 = Debug|x64
		{9BE0D453-9CC3-4964-81E2-F17933D11EDE}.Debug|x86.ActiveCfg = Debug|Win32
		{9BE0D453-9CC3-4964-81E2-F17933D11EDE}.Debug|x86.Build.0 = Debug|Win32
		{9BE0D453-9CC3-4964-81E2-F17933D11EDE}.Release|x64.ActiveCfg = Release|x64
		{9BE0D453-9CC3-4964-81E2-F17933D11EDE}.Release|x64.Build.0 = Release|x64
		{9BE0D453-9CC3-4964-81E2-F17933D11EDE}.Release|x86.ActiveCfg = Release|Win32
		{9BE0D453-9CC3-4964-81E2-F17933D11EDE}.Release|x86.Build.0 = Release|Win32
		{82AB5932-4365-4F73-95BE-A75A4244552A}.Debug|x64.ActiveCfg = Debug|x64
		{82AB5932-4365-4F73-95BE-A75A4244552A}.Debug|x64.Build.0 = Debug|x64
		{82AB5932-4365-4F73-95BE-A75A4244552A}.Debug|x86.ActiveCfg = Debug|Win32
		{82AB5932-4365-4F73-95BE-A75A4244552A}.Debug|x86.Build.0 = Debug|Win32
		{82AB5932-4365-4F73-95BE-A75A4244552A}.Release|x64.ActiveCfg = Release|x64
		{82AB5932-4365-4F73-95BE-A75A4244552A}.Release|x64.Build.0 = Release|x64
		{82AB5932-4365-4F73-95BE-A75A4244552A}.Release|x86.ActiveCfg = Release|Win32
		{82AB5932-4365-4F73-95BE-A75A4244552A}.Release|x86.Build.0 = Release|Win32
	EndGlobalSection
	GlobalSection(SolutionProperties) = preSolution
		HideSolutionNode = FALSE
	EndGlobalSection
	GlobalSection(NestedProjects) = preSolution
		{9BE0D453-9CC3-4964-81E2-F17933D11EDE} = {FB02A82D-D7B1-4FB2-B35D-3EC100955691}
		{82AB5932-4365-4F73-95BE-A75A4244552A} = {DEC9A7D8-2A8D-4378-ADDC-E74C21291EFE}
	EndGlobalSection
	GlobalSection(ExtensibilityGlobals) = postSolution
		SolutionGuid = {F236370A-770E-4F23-AEE3-23136DEE14C3}
	EndGlobalSection
EndGlobal
