<?xml version="1.0" encoding="utf-8"?>
<Project ToolsVersion="4.0" xmlns="http://schemas.microsoft.com/developer/msbuild/2003">
  <ItemGroup>
    <Filter Include="Source Files">
      <UniqueIdentifier>{4FC737F1-C7A5-4376-A066-2A32D752A2FF}</UniqueIdentifier>
      <Extensions>cpp;c;cc;cxx;c++;cppm;ixx;def;odl;idl;hpj;bat;asm;asmx</Extensions>
    </Filter>
    <Filter Include="Header Files">
      <UniqueIdentifier>{93995380-89BD-4b04-88EB-625FBE52EBFB}</UniqueIdentifier>
      <Extensions>h;hh;hpp;hxx;h++;hm;inl;inc;ipp;xsd</Extensions>
    </Filter>
    <Filter Include="Resource Files">
      <UniqueIdentifier>{67DA6AB6-F800-4c08-8B7A-83BB121AAD01}</UniqueIdentifier>
      <Extensions>rc;ico;cur;bmp;dlg;rc2;rct;bin;rgs;gif;jpg;jpeg;jpe;resx;tiff;tif;png;wav;mfcribbon-ms</Extensions>
    </Filter>
    <Filter Include="Source Files\Platform">
      <UniqueIdentifier>{1be69fb4-439b-4219-abc2-0b10ae890ca2}</UniqueIdentifier>
    </Filter>
    <Filter Include="Source Files\Platform\Win">
      <UniqueIdentifier>{ff84b79a-0674-47e2-bc02-7ae20c0e39b5}</UniqueIdentifier>
    </Filter>
    <Filter Include="Source Files\Util">
      <UniqueIdentifier>{a2049a90-d32e-41a3-8ca5-9846151d977a}</UniqueIdentifier>
    </Filter>
    <Filter Include="Header Files\Util">
      <UniqueIdentifier>{b45c51de-875e-4a9c-ba4d-7154a9d0e1ac}</UniqueIdentifier>
    </Filter>
    <Filter Include="Header Files\Platform">
      <UniqueIdentifier>{b4ad8531-e549-4c06-95a9-ba3ad17110cd}</UniqueIdentifier>
    </Filter>
    <Filter Include="Header Files\Common">
      <UniqueIdentifier>{6d88ae9a-bf24-4071-905a-08d297daf926}</UniqueIdentifier>
    </Filter>
    <Filter Include="Source Files\Common">
      <UniqueIdentifier>{495f6add-1700-4894-9a3a-6993170bd291}</UniqueIdentifier>
    </Filter>
  </ItemGroup>
  <ItemGroup>
    <ClCompile Include="..\..\..\lib\src\platform\win\dllmain.c">
      <Filter>Source Files\Platform\Win</Filter>
    </ClCompile>
    <ClCompile Include="..\..\..\lib\src\util\Ini.c">
      <Filter>Source Files\Util</Filter>
    </ClCompile>
    <ClCompile Include="..\..\..\lib\src\platform\win\Platform.c">
      <Filter>Source Files\Platform\Win</Filter>
    </ClCompile>
    <ClCompile Include="..\..\..\lib\src\common\Error.c">
      <Filter>Source Files\Common</Filter>
    </ClCompile>
    <ClCompile Include="..\..\..\lib\src\Core.c">
      <Filter>Source Files</Filter>
    </ClCompile>
    <ClCompile Include="..\..\..\lib\src\RP1210Ini.c">
      <Filter>Source Files</Filter>
    </ClCompile>
    <ClCompile Include="..\..\..\lib\src\RP1210.c">
      <Filter>Source Files</Filter>
    </ClCompile>
  </ItemGroup>
  <ItemGroup>
    <ClInclude Include="..\..\..\lib\inc\OpenRP1210\OpenRP1210.h">
      <Filter>Header Files</Filter>
    </ClInclude>
    <ClInclude Include="..\..\..\lib\inc\OpenRP1210\util\Ini.h">
      <Filter>Header Files\Util</Filter>
    </ClInclude>
    <ClInclude Include="..\..\..\lib\inc\OpenRP1210\Common.h">
      <Filter>Header Files</Filter>
    </ClInclude>
    <ClInclude Include="..\..\..\lib\inc\OpenRP1210\platform\Platform.h">
      <Filter>Header Files\Platform</Filter>
    </ClInclude>
    <ClInclude Include="..\..\..\lib\inc\OpenRP1210\common\Error.h">
      <Filter>Header Files\Common</Filter>
    </ClInclude>
    <ClInclude Include="..\..\..\lib\inc\OpenRP1210\Core.h">
      <Filter>Header Files</Filter>
    </ClInclude>
    <ClInclude Include="..\..\..\lib\inc\OpenRP1210\RP1210.h">
      <Filter>Header Files</Filter>
    </ClInclude>
    <ClInclude Include="..\..\..\lib\inc\OpenRP1210\RP1210C.h">
      <Filter>Header Files</Filter>
    </ClInclude>
    <ClInclude Include="..\..\..\lib\inc\OpenRP1210\RP1210A.h">
      <Filter>Header Files</Filter>
    </ClInclude>
    <ClInclude Include="..\..\..\lib\inc\OpenRP1210\RP1210B.h">
      <Filter>Header Files</Filter>
    </ClInclude>
  </ItemGroup>
</Project>