
Microsoft Visual Studio Solution File, Format Version 12.00
# Visual Studio Version 17
VisualStudioVersion = 17.2.32630.192
MinimumVisualStudioVersion = 10.0.40219.1
Project("{2150E333-8FDC-42A3-9474-1A3956D46DE8}") = "Demo", "Demo", "{CC636B9E-90CB-4C44-89B3-73F6670E95E5}"
EndProject
Project("{2150E333-8FDC-42A3-9474-1A3956D46DE8}") = "Library", "Library", "{5056FA6E-FC6A-4CC0-A0F3-9F80EBE40B71}"
EndProject
Project("{8BC9CEB8-8B4A-11D0-8D11-00A0C91BC942}") = "OpenRP1210", "OpenRP1210\OpenRP1210.vcxproj", "{A230B7DF-8476-4CE5-B3BB-99497C3FD254}"
EndProject
Project("{8BC9CEB8-8B4A-11D0-8D11-00A0C91BC942}") = "DemoApp", "DemoApp\DemoApp.vcxproj", "{77EEB0F7-3491-4A11-AFD0-597DA9CBA115}"
	ProjectSection(ProjectDependencies) = postProject
		{A230B7DF-8476-4CE5-B3BB-99497C3FD254} = {A230B7DF-8476-4CE5-B3BB-99497C3FD254}
	EndProjectSection
EndProject
Global
	GlobalSection(SolutionConfigurationPlatforms) = preSolution
		Debug|x64 = Debug|x64
		Debug|x86 = Debug|x86
		Release|x64 = Release|x64
		Release|x86 = Release|x86
	EndGlobalSection
	GlobalSection(ProjectConfigurationPlatforms) = postSolution
		{A230B7DF-8476-4CE5-B3BB-99497C3FD254}.Debug|x64.ActiveCfg = Debug|x64
		{A230B7DF-8476-4CE5-B3BB-99497C3FD254}.Debug|x64.Build.0 = Debug|x64
		{A230B7DF-8476-4CE5-B3BB-99497C3FD254}.Debug|x86.ActiveCfg = Debug|Win32
		{A230B7DF-8476-4CE5-B3BB-99497C3FD254}.Debug|x86.Build.0 = Debug|Win32
		{A230B7DF-8476-4CE5-B3BB-99497C3FD254}.Release|x64.ActiveCfg = Release|x64
		{A230B7DF-8476-4CE5-B3BB-99497C3FD254}.Release|x64.Build.0 = Release|x64
		{A230B7DF-8476-4CE5-B3BB-99497C3FD254}.Release|x86.ActiveCfg = Release|Win32
		{A230B7DF-8476-4CE5-B3BB-99497C3FD254}.Release|x86.Build.0 = Release|Win32
		{77EEB0F7-3491-4A11-AFD0-597DA9CBA115}.Debug|x64.ActiveCfg = Debug|x64
		{77EEB0F7-3491-4A11-AFD0-597DA9CBA115}.Debug|x64.Build.0 = Debug|x64
		{77EEB0F7-3491-4A11-AFD0-597DA9CBA115}.Debug|x86.ActiveCfg = Debug|Win32
		{77EEB0F7-3491-4A11-AFD0-597DA9CBA115}.Debug|x86.Build.0 = Debug|Win32
		{77EEB0F7-3491-4A11-AFD0-597DA9CBA115}.Release|x64.ActiveCfg = Release|x64
		{77EEB0F7-3491-4A11-AFD0-597DA9CBA115}.Release|x64.Build.0 = Release|x64
		{77EEB0F7-3491-4A11-AFD0-597DA9CBA115}.Release|x86.ActiveCfg = Release|Win32
		{77EEB0F7-3491-4A11-AFD0-597DA9CBA115}.Release|x86.Build.0 = Release|Win32
	EndGlobalSection
	GlobalSection(SolutionProperties) = preSolution
		HideSolutionNode = FALSE
	EndGlobalSection
	GlobalSection(NestedProjects) = preSolution
		{A230B7DF-8476-4CE5-B3BB-99497C3FD254} = {5056FA6E-FC6A-4CC0-A0F3-9F80EBE40B71}
		{77EEB0F7-3491-4A11-AFD0-597DA9CBA115} = {CC636B9E-90CB-4C44-89B3-73F6670E95E5}
	EndGlobalSection
	GlobalSection(ExtensibilityGlobals) = postSolution
		SolutionGuid = {F236370A-770E-4F23-AEE3-23136DEE14C3}
	EndGlobalSection
EndGlobal
